#ifndef EMPLOYEE_H
#define EMPLOYEE_H

#include <string>
#include <iostream>

class Department;

class Employee {
private:
    std::string name;
    Department* department;

public:
    Employee(std::string name);

    void setDepartment(Department* dep);
    std::string toString() const;
    void print() const;

    Department* getDepartment() const;
};

#endif